
Microsoft Visual Studio Solution File, Format Version 12.00
# Visual Studio 14
VisualStudioVersion = 14.0.25420.1
MinimumVisualStudioVersion = 10.0.40219.1
Project("{FAE04EC0-301F-11D3-BF4B-00C04F79EFBC}") = "MvpChatServer", "MVpChatServer\MvpChatServer.csproj", "{2320DE82-E507-4895-B4F0-66AAC8C994C3}"
EndProject
Project("{FAE04EC0-301F-11D3-BF4B-00C04F79EFBC}") = "ChatClient", "ChatClient\ChatClient.csproj", "{6E04EB9C-34FF-4B6B-85CA-27CDBE7377E1}"
EndProject
Global
	GlobalSection(SolutionConfigurationPlatforms) = preSolution
		Debug|Any CPU = Debug|Any CPU
		Release|Any CPU = Release|Any CPU
	EndGlobalSection
	GlobalSection(ProjectConfigurationPlatforms) = postSolution
		{2320DE82-E507-4895-B4F0-66AAC8C994C3}.Debug|Any CPU.ActiveCfg = Debug|Any CPU
		{2320DE82-E507-4895-B4F0-66AAC8C994C3}.Debug|Any CPU.Build.0 = Debug|Any CPU
		{2320DE82-E507-4895-B4F0-66AAC8C994C3}.Release|Any CPU.ActiveCfg = Release|Any CPU
		{2320DE82-E507-4895-B4F0-66AAC8C994C3}.Release|Any CPU.Build.0 = Release|Any CPU
		{6E04EB9C-34FF-4B6B-85CA-27CDBE7377E1}.Debug|Any CPU.ActiveCfg = Debug|Any CPU
		{6E04EB9C-34FF-4B6B-85CA-27CDBE7377E1}.Debug|Any CPU.Build.0 = Debug|Any CPU
		{6E04EB9C-34FF-4B6B-85CA-27CDBE7377E1}.Release|Any CPU.ActiveCfg = Release|Any CPU
		{6E04EB9C-34FF-4B6B-85CA-27CDBE7377E1}.Release|Any CPU.Build.0 = Release|Any CPU
	EndGlobalSection
	GlobalSection(SolutionProperties) = preSolution
		HideSolutionNode = FALSE
	EndGlobalSection
EndGlobal
